
Microsoft Visual Studio Solution File, Format Version 12.00
# Visual Studio Version 16
VisualStudioVersion = 16.0.30717.126
MinimumVisualStudioVersion = 10.0.40219.1
Project("{9A19103F-16F7-4668-BE54-9A1E7A4F7556}") = "HttpPatterns", "HttpPatterns\HttpPatterns.csproj", "{57E97623-6EA6-4709-9D60-8089EF1CF0E3}"
EndProject
Project("{FAE04EC0-301F-11D3-BF4B-00C04F79EFBC}") = "HttpPatterns.Tests", "HttpPatterns.Tests\HttpPatterns.Tests.csproj", "{8509C643-0ABE-4D4A-AB74-34D623D9314B}"
EndProject
Project("{FAE04EC0-301F-11D3-BF4B-00C04F79EFBC}") = "Backend", "Backend\Backend.csproj", "{D686EEB8-5642-426F-B823-5CAD5A0E9E9B}"
EndProject
Global
	GlobalSection(SolutionConfigurationPlatforms) = preSolution
		Debug|Any CPU = Debug|Any CPU
		Release|Any CPU = Release|Any CPU
	EndGlobalSection
	GlobalSection(ProjectConfigurationPlatforms) = postSolution
		{57E97623-6EA6-4709-9D60-8089EF1CF0E3}.Debug|Any CPU.ActiveCfg = Debug|Any CPU
		{57E97623-6EA6-4709-9D60-8089EF1CF0E3}.Debug|Any CPU.Build.0 = Debug|Any CPU
		{57E97623-6EA6-4709-9D60-8089EF1CF0E3}.Release|Any CPU.ActiveCfg = Release|Any CPU
		{57E97623-6EA6-4709-9D60-8089EF1CF0E3}.Release|Any CPU.Build.0 = Release|Any CPU
		{8509C643-0ABE-4D4A-AB74-34D623D9314B}.Debug|Any CPU.ActiveCfg = Debug|Any CPU
		{8509C643-0ABE-4D4A-AB74-34D623D9314B}.Debug|Any CPU.Build.0 = Debug|Any CPU
		{8509C643-0ABE-4D4A-AB74-34D623D9314B}.Release|Any CPU.ActiveCfg = Release|Any CPU
		{8509C643-0ABE-4D4A-AB74-34D623D9314B}.Release|Any CPU.Build.0 = Release|Any CPU
		{D686EEB8-5642-426F-B823-5CAD5A0E9E9B}.Debug|Any CPU.ActiveCfg = Debug|Any CPU
		{D686EEB8-5642-426F-B823-5CAD5A0E9E9B}.Debug|Any CPU.Build.0 = Debug|Any CPU
		{D686EEB8-5642-426F-B823-5CAD5A0E9E9B}.Release|Any CPU.ActiveCfg = Release|Any CPU
		{D686EEB8-5642-426F-B823-5CAD5A0E9E9B}.Release|Any CPU.Build.0 = Release|Any CPU
	EndGlobalSection
	GlobalSection(SolutionProperties) = preSolution
		HideSolutionNode = FALSE
	EndGlobalSection
	GlobalSection(ExtensibilityGlobals) = postSolution
		SolutionGuid = {E1640F13-8856-4F6C-AC89-5F3ECCD364F6}
	EndGlobalSection
EndGlobal
